
Microsoft Visual Studio Solution File, Format Version 12.00
# Visual Studio 15
VisualStudioVersion = 15.0.28307.421
MinimumVisualStudioVersion = 10.0.40219.1
Project("{FAE04EC0-301F-11D3-BF4B-00C04F79EFBC}") = "WorkplaceGroupAutomation", "WorkplaceGroupAutomation\WorkplaceGroupAutomation.csproj", "{19FC8610-D8A1-4C1D-9924-A91E4A963FED}"
EndProject
Global
	GlobalSection(SolutionConfigurationPlatforms) = preSolution
		Debug|Any CPU = Debug|Any CPU
		Release|Any CPU = Release|Any CPU
	EndGlobalSection
	GlobalSection(ProjectConfigurationPlatforms) = postSolution
		{19FC8610-D8A1-4C1D-9924-A91E4A963FED}.Debug|Any CPU.ActiveCfg = Debug|Any CPU
		{19FC8610-D8A1-4C1D-9924-A91E4A963FED}.Debug|Any CPU.Build.0 = Debug|Any CPU
		{19FC8610-D8A1-4C1D-9924-A91E4A963FED}.Release|Any CPU.ActiveCfg = Release|Any CPU
		{19FC8610-D8A1-4C1D-9924-A91E4A963FED}.Release|Any CPU.Build.0 = Release|Any CPU
	EndGlobalSection
	GlobalSection(SolutionProperties) = preSolution
		HideSolutionNode = FALSE
	EndGlobalSection
	GlobalSection(ExtensibilityGlobals) = postSolution
		SolutionGuid = {7BE23610-52F4-43BB-BF5A-B9A1C7F56E2A}
	EndGlobalSection
EndGlobal
